
Microsoft Visual Studio Solution File, Format Version 12.00
# Visual Studio 2012
Project("{FAE04EC0-301F-11D3-BF4B-00C04F79EFBC}") = "GenAlgConsoleApplication", "GenAlgConsoleApplication\GenAlgConsoleApplication.csproj", "{F5396128-D84F-4F39-8964-4AD6F256C299}"
EndProject
Global
	GlobalSection(SolutionConfigurationPlatforms) = preSolution
		Debug|Any CPU = Debug|Any CPU
		Release|Any CPU = Release|Any CPU
	EndGlobalSection
	GlobalSection(ProjectConfigurationPlatforms) = postSolution
		{F5396128-D84F-4F39-8964-4AD6F256C299}.Debug|Any CPU.ActiveCfg = Debug|Any CPU
		{F5396128-D84F-4F39-8964-4AD6F256C299}.Debug|Any CPU.Build.0 = Debug|Any CPU
		{F5396128-D84F-4F39-8964-4AD6F256C299}.Release|Any CPU.ActiveCfg = Release|Any CPU
		{F5396128-D84F-4F39-8964-4AD6F256C299}.Release|Any CPU.Build.0 = Release|Any CPU
	EndGlobalSection
	GlobalSection(SolutionProperties) = preSolution
		HideSolutionNode = FALSE
	EndGlobalSection
EndGlobal
